
Microsoft Visual Studio Solution File, Format Version 12.00
# Visual Studio 15
VisualStudioVersion = 15.0.28307.168
MinimumVisualStudioVersion = 10.0.40219.1
Project("{FAE04EC0-301F-11D3-BF4B-00C04F79EFBC}") = "Aeron.NativeDriver", "Aeron.NativeDriver\Aeron.NativeDriver.csproj", "{8D5D041E-1CCE-4068-A651-C7157EE0A543}"
EndProject
Global
	GlobalSection(SolutionConfigurationPlatforms) = preSolution
		Debug|Any CPU = Debug|Any CPU
		Release|Any CPU = Release|Any CPU
	EndGlobalSection
	GlobalSection(ProjectConfigurationPlatforms) = postSolution
		{8D5D041E-1CCE-4068-A651-C7157EE0A543}.Debug|Any CPU.ActiveCfg = Debug|Any CPU
		{8D5D041E-1CCE-4068-A651-C7157EE0A543}.Debug|Any CPU.Build.0 = Debug|Any CPU
		{8D5D041E-1CCE-4068-A651-C7157EE0A543}.Release|Any CPU.ActiveCfg = Release|Any CPU
		{8D5D041E-1CCE-4068-A651-C7157EE0A543}.Release|Any CPU.Build.0 = Release|Any CPU
	EndGlobalSection
	GlobalSection(SolutionProperties) = preSolution
		HideSolutionNode = FALSE
	EndGlobalSection
	GlobalSection(ExtensibilityGlobals) = postSolution
		SolutionGuid = {1DF6DE66-79E2-42F4-85D8-A6516B8FAB8E}
	EndGlobalSection
EndGlobal
